// !$*UTF8*$!
{
	archiveVersion = 1;
	classes = {
	};
	objectVersion = 56;
	objects = {

/* Begin PBXBuildFile section */
		18024AA82B19135200882B78 /* CircleButtonView.swift in Sources */ = {isa = PBXBuildFile; fileRef = 18024AA72B19135100882B78 /* CircleButtonView.swift */; };
		18024AAA2B19187F00882B78 /* CircleButtonAnimation.swift in Sources */ = {isa = PBXBuildFile; fileRef = 18024AA92B19187F00882B78 /* CircleButtonAnimation.swift */; };
		18024AAD2B191D2D00882B78 /* CoinModel.swift in Sources */ = {isa = PBXBuildFile; fileRef = 18024AAC2B191D2D00882B78 /* CoinModel.swift */; };
		1859A5142B1A3D0B00F61DFA /* CoinRowView.swift in Sources */ = {isa = PBXBuildFile; fileRef = 1859A5132B1A3D0B00F61DFA /* CoinRowView.swift */; };
		1859A5162B1A3EA100F61DFA /* PreviewProvider.swift in Sources */ = {isa = PBXBuildFile; fileRef = 1859A5152B1A3EA100F61DFA /* PreviewProvider.swift */; };
		1859A5182B1A58B300F61DFA /* Double.swift in Sources */ = {isa = PBXBuildFile; fileRef = 1859A5172B1A58B300F61DFA /* Double.swift */; };
		186599592B166B2000EBC40B /* CryptoWalletApp.swift in Sources */ = {isa = PBXBuildFile; fileRef = 186599582B166B2000EBC40B /* CryptoWalletApp.swift */; };
		1865995B2B166B2000EBC40B /* ContentView.swift in Sources */ = {isa = PBXBuildFile; fileRef = 1865995A2B166B2000EBC40B /* ContentView.swift */; };
		186599602B166B2300EBC40B /* Preview Assets.xcassets in Resources */ = {isa = PBXBuildFile; fileRef = 1865995F2B166B2300EBC40B /* Preview Assets.xcassets */; };
		186599672B166E3100EBC40B /* Assets.xcassets in Resources */ = {isa = PBXBuildFile; fileRef = 186599662B166E3100EBC40B /* Assets.xcassets */; };
		1865996A2B167A6A00EBC40B /* Color.swift in Sources */ = {isa = PBXBuildFile; fileRef = 186599692B167A6A00EBC40B /* Color.swift */; };
		186599702B167FF800EBC40B /* HomeView.swift in Sources */ = {isa = PBXBuildFile; fileRef = 1865996F2B167FF800EBC40B /* HomeView.swift */; };
/* End PBXBuildFile section */

/* Begin PBXFileReference section */
		18024AA72B19135100882B78 /* CircleButtonView.swift */ = {isa = PBXFileReference; lastKnownFileType = sourcecode.swift; path = CircleButtonView.swift; sourceTree = "<group>"; };
		18024AA92B19187F00882B78 /* CircleButtonAnimation.swift */ = {isa = PBXFileReference; lastKnownFileType = sourcecode.swift; path = CircleButtonAnimation.swift; sourceTree = "<group>"; };
		18024AAC2B191D2D00882B78 /* CoinModel.swift */ = {isa = PBXFileReference; lastKnownFileType = sourcecode.swift; path = CoinModel.swift; sourceTree = "<group>"; };
		1859A5132B1A3D0B00F61DFA /* CoinRowView.swift */ = {isa = PBXFileReference; lastKnownFileType = sourcecode.swift; path = CoinRowView.swift; sourceTree = "<group>"; };
		1859A5152B1A3EA100F61DFA /* PreviewProvider.swift */ = {isa = PBXFileReference; lastKnownFileType = sourcecode.swift; path = PreviewProvider.swift; sourceTree = "<group>"; };
		1859A5172B1A58B300F61DFA /* Double.swift */ = {isa = PBXFileReference; lastKnownFileType = sourcecode.swift; path = Double.swift; sourceTree = "<group>"; };
		186599552B166B2000EBC40B /* CryptoWallet.app */ = {isa = PBXFileReference; explicitFileType = wrapper.application; includeInIndex = 0; path = CryptoWallet.app; sourceTree = BUILT_PRODUCTS_DIR; };
		186599582B166B2000EBC40B /* CryptoWalletApp.swift */ = {isa = PBXFileReference; lastKnownFileType = sourcecode.swift; path = CryptoWalletApp.swift; sourceTree = "<group>"; };
		1865995A2B166B2000EBC40B /* ContentView.swift */ = {isa = PBXFileReference; lastKnownFileType = sourcecode.swift; path = ContentView.swift; sourceTree = "<group>"; };
		1865995F2B166B2300EBC40B /* Preview Assets.xcassets */ = {isa = PBXFileReference; lastKnownFileType = folder.assetcatalog; path = "Preview Assets.xcassets"; sourceTree = "<group>"; };
		186599662B166E3100EBC40B /* Assets.xcassets */ = {isa = PBXFileReference; lastKnownFileType = folder.assetcatalog; name = Assets.xcassets; path = ../../../../../Downloads/Resources/Assets.xcassets; sourceTree = "<group>"; };
		186599692B167A6A00EBC40B /* Color.swift */ = {isa = PBXFileReference; lastKnownFileType = sourcecode.swift; path = Color.swift; sourceTree = "<group>"; };
		1865996F2B167FF800EBC40B /* HomeView.swift */ = {isa = PBXFileReference; lastKnownFileType = sourcecode.swift; path = HomeView.swift; sourceTree = "<group>"; };
/* End PBXFileReference section */

/* Begin PBXFrameworksBuildPhase section */
		186599522B166B2000EBC40B /* Frameworks */ = {
			isa = PBXFrameworksBuildPhase;
			buildActionMask = 2147483647;
			files = (
			);
			runOnlyForDeploymentPostprocessing = 0;
		};
/* End PBXFrameworksBuildPhase section */

/* Begin PBXGroup section */
		18024AAB2B191D1400882B78 /* Model */ = {
			isa = PBXGroup;
			children = (
				18024AAC2B191D2D00882B78 /* CoinModel.swift */,
			);
			path = Model;
			sourceTree = "<group>";
		};
		1865994C2B166B2000EBC40B = {
			isa = PBXGroup;
			children = (
				186599572B166B2000EBC40B /* CryptoWallet */,
				186599562B166B2000EBC40B /* Products */,
			);
			sourceTree = "<group>";
		};
		186599562B166B2000EBC40B /* Products */ = {
			isa = PBXGroup;
			children = (
				186599552B166B2000EBC40B /* CryptoWallet.app */,
			);
			name = Products;
			sourceTree = "<group>";
		};
		186599572B166B2000EBC40B /* CryptoWallet */ = {
			isa = PBXGroup;
			children = (
				18024AAB2B191D1400882B78 /* Model */,
				1865996B2B167FAD00EBC40B /* Core */,
				186599682B167A3C00EBC40B /* Extension */,
				186599582B166B2000EBC40B /* CryptoWalletApp.swift */,
				1865995A2B166B2000EBC40B /* ContentView.swift */,
				186599662B166E3100EBC40B /* Assets.xcassets */,
				1865995E2B166B2300EBC40B /* Preview Content */,
			);
			path = CryptoWallet;
			sourceTree = "<group>";
		};
		1865995E2B166B2300EBC40B /* Preview Content */ = {
			isa = PBXGroup;
			children = (
				1865995F2B166B2300EBC40B /* Preview Assets.xcassets */,
			);
			path = "Preview Content";
			sourceTree = "<group>";
		};
		186599682B167A3C00EBC40B /* Extension */ = {
			isa = PBXGroup;
			children = (
				186599692B167A6A00EBC40B /* Color.swift */,
				1859A5152B1A3EA100F61DFA /* PreviewProvider.swift */,
				1859A5172B1A58B300F61DFA /* Double.swift */,
			);
			path = Extension;
			sourceTree = "<group>";
		};
		1865996B2B167FAD00EBC40B /* Core */ = {
			isa = PBXGroup;
			children = (
				186599712B16831D00EBC40B /* Components */,
				1865996C2B167FB500EBC40B /* Home */,
			);
			path = Core;
			sourceTree = "<group>";
		};
		1865996C2B167FB500EBC40B /* Home */ = {
			isa = PBXGroup;
			children = (
				1865996E2B167FCB00EBC40B /* ViewModel */,
				1865996D2B167FC200EBC40B /* View */,
			);
			path = Home;
			sourceTree = "<group>";
		};
		1865996D2B167FC200EBC40B /* View */ = {
			isa = PBXGroup;
			children = (
				1865996F2B167FF800EBC40B /* HomeView.swift */,
				1859A5132B1A3D0B00F61DFA /* CoinRowView.swift */,
			);
			path = View;
			sourceTree = "<group>";
		};
		1865996E2B167FCB00EBC40B /* ViewModel */ = {
			isa = PBXGroup;
			children = (
			);
			path = ViewModel;
			sourceTree = "<group>";
		};
		186599712B16831D00EBC40B /* Components */ = {
			isa = PBXGroup;
			children = (
				18024AA72B19135100882B78 /* CircleButtonView.swift */,
				18024AA92B19187F00882B78 /* CircleButtonAnimation.swift */,
			);
			path = Components;
			sourceTree = "<group>";
		};
/* End PBXGroup section */

/* Begin PBXNativeTarget section */
		186599542B166B2000EBC40B /* CryptoWallet */ = {
			isa = PBXNativeTarget;
			buildConfigurationList = 186599632B166B2300EBC40B /* Build configuration list for PBXNativeTarget "CryptoWallet" */;
			buildPhases = (
				186599512B166B2000EBC40B /* Sources */,
				186599522B166B2000EBC40B /* Frameworks */,
				186599532B166B2000EBC40B /* Resources */,
			);
			buildRules = (
			);
			dependencies = (
			);
			name = CryptoWallet;
			productName = CrytoWallet;
			productReference = 186599552B166B2000EBC40B /* CryptoWallet.app */;
			productType = "com.apple.product-type.application";
		};
/* End PBXNativeTarget section */

/* Begin PBXProject section */
		1865994D2B166B2000EBC40B /* Project object */ = {
			isa = PBXProject;
			attributes = {
				BuildIndependentTargetsInParallel = 1;
				LastSwiftUpdateCheck = 1430;
				LastUpgradeCheck = 1430;
				TargetAttributes = {
					186599542B166B2000EBC40B = {
						CreatedOnToolsVersion = 14.3.1;
					};
				};
			};
			buildConfigurationList = 186599502B166B2000EBC40B /* Build configuration list for PBXProject "CryptoWallet" */;
			compatibilityVersion = "Xcode 14.0";
			developmentRegion = en;
			hasScannedForEncodings = 0;
			knownRegions = (
				en,
				Base,
			);
			mainGroup = 1865994C2B166B2000EBC40B;
			productRefGroup = 186599562B166B2000EBC40B /* Products */;
			projectDirPath = "";
			projectRoot = "";
			targets = (
				186599542B166B2000EBC40B /* CryptoWallet */,
			);
		};
/* End PBXProject section */

/* Begin PBXResourcesBuildPhase section */
		186599532B166B2000EBC40B /* Resources */ = {
			isa = PBXResourcesBuildPhase;
			buildActionMask = 2147483647;
			files = (
				186599602B166B2300EBC40B /* Preview Assets.xcassets in Resources */,
				186599672B166E3100EBC40B /* Assets.xcassets in Resources */,
			);
			runOnlyForDeploymentPostprocessing = 0;
		};
/* End PBXResourcesBuildPhase section */

/* Begin PBXSourcesBuildPhase section */
		186599512B166B2000EBC40B /* Sources */ = {
			isa = PBXSourcesBuildPhase;
			buildActionMask = 2147483647;
			files = (
				1859A5142B1A3D0B00F61DFA /* CoinRowView.swift in Sources */,
				1865995B2B166B2000EBC40B /* ContentView.swift in Sources */,
				186599702B167FF800EBC40B /* HomeView.swift in Sources */,
				186599592B166B2000EBC40B /* CryptoWalletApp.swift in Sources */,
				18024AA82B19135200882B78 /* CircleButtonView.swift in Sources */,
				18024AAA2B19187F00882B78 /* CircleButtonAnimation.swift in Sources */,
				1865996A2B167A6A00EBC40B /* Color.swift in Sources */,
				1859A5162B1A3EA100F61DFA /* PreviewProvider.swift in Sources */,
				1859A5182B1A58B300F61DFA /* Double.swift in Sources */,
				18024AAD2B191D2D00882B78 /* CoinModel.swift in Sources */,
			);
			runOnlyForDeploymentPostprocessing = 0;
		};
/* End PBXSourcesBuildPhase section */

/* Begin XCBuildConfiguration section */
		186599612B166B2300EBC40B /* Debug */ = {
			isa = XCBuildConfiguration;
			buildSettings = {
				ALWAYS_SEARCH_USER_PATHS = NO;
				CLANG_ANALYZER_NONNULL = YES;
				CLANG_ANALYZER_NUMBER_OBJECT_CONVERSION = YES_AGGRESSIVE;
				CLANG_CXX_LANGUAGE_STANDARD = "gnu++20";
				CLANG_ENABLE_MODULES = YES;
				CLANG_ENABLE_OBJC_ARC = YES;
				CLANG_ENABLE_OBJC_WEAK = YES;
				CLANG_WARN_BLOCK_CAPTURE_AUTORELEASING = YES;
				CLANG_WARN_BOOL_CONVERSION = YES;
				CLANG_WARN_COMMA = YES;
				CLANG_WARN_CONSTANT_CONVERSION = YES;
				CLANG_WARN_DEPRECATED_OBJC_IMPLEMENTATIONS = YES;
				CLANG_WARN_DIRECT_OBJC_ISA_USAGE = YES_ERROR;
				CLANG_WARN_DOCUMENTATION_COMMENTS = YES;
				CLANG_WARN_EMPTY_BODY = YES;
				CLANG_WARN_ENUM_CONVERSION = YES;
				CLANG_WARN_INFINITE_RECURSION = YES;
				CLANG_WARN_INT_CONVERSION = YES;
				CLANG_WARN_NON_LITERAL_NULL_CONVERSION = YES;
				CLANG_WARN_OBJC_IMPLICIT_RETAIN_SELF = YES;
				CLANG_WARN_OBJC_LITERAL_CONVERSION = YES;
				CLANG_WARN_OBJC_ROOT_CLASS = YES_ERROR;
				CLANG_WARN_QUOTED_INCLUDE_IN_FRAMEWORK_HEADER = YES;
				CLANG_WARN_RANGE_LOOP_ANALYSIS = YES;
				CLANG_WARN_STRICT_PROTOTYPES = YES;
				CLANG_WARN_SUSPICIOUS_MOVE = YES;
				CLANG_WARN_UNGUARDED_AVAILABILITY = YES_AGGRESSIVE;
				CLANG_WARN_UNREACHABLE_CODE = YES;
				CLANG_WARN__DUPLICATE_METHOD_MATCH = YES;
				COPY_PHASE_STRIP = NO;
				DEBUG_INFORMATION_FORMAT = dwarf;
				ENABLE_STRICT_OBJC_MSGSEND = YES;
				ENABLE_TESTABILITY = YES;
				GCC_C_LANGUAGE_STANDARD = gnu11;
				GCC_DYNAMIC_NO_PIC = NO;
				GCC_NO_COMMON_BLOCKS = YES;
				GCC_OPTIMIZATION_LEVEL = 0;
				GCC_PREPROCESSOR_DEFINITIONS = (
					"DEBUG=1",
					"$(inherited)",
				);
				GCC_WARN_64_TO_32_BIT_CONVERSION = YES;
				GCC_WARN_ABOUT_RETURN_TYPE = YES_ERROR;
				GCC_WARN_UNDECLARED_SELECTOR = YES;
				GCC_WARN_UNINITIALIZED_AUTOS = YES_AGGRESSIVE;
				GCC_WARN_UNUSED_FUNCTION = YES;
				GCC_WARN_UNUSED_VARIABLE = YES;
				IPHONEOS_DEPLOYMENT_TARGET = 16.4;
				MTL_ENABLE_DEBUG_INFO = INCLUDE_SOURCE;
				MTL_FAST_MATH = YES;
				ONLY_ACTIVE_ARCH = YES;
				SDKROOT = iphoneos;
				SWIFT_ACTIVE_COMPILATION_CONDITIONS = DEBUG;
				SWIFT_OPTIMIZATION_LEVEL = "-Onone";
			};
			name = Debug;
		};
		186599622B166B2300EBC40B /* Release */ = {
			isa = XCBuildConfiguration;
			buildSettings = {
				ALWAYS_SEARCH_USER_PATHS = NO;
				CLANG_ANALYZER_NONNULL = YES;
				CLANG_ANALYZER_NUMBER_OBJECT_CONVERSION = YES_AGGRESSIVE;
				CLANG_CXX_LANGUAGE_STANDARD = "gnu++20";
				CLANG_ENABLE_MODULES = YES;
				CLANG_ENABLE_OBJC_ARC = YES;
				CLANG_ENABLE_OBJC_WEAK = YES;
				CLANG_WARN_BLOCK_CAPTURE_AUTORELEASING = YES;
				CLANG_WARN_BOOL_CONVERSION = YES;
				CLANG_WARN_COMMA = YES;
				CLANG_WARN_CONSTANT_CONVERSION = YES;
				CLANG_WARN_DEPRECATED_OBJC_IMPLEMENTATIONS = YES;
				CLANG_WARN_DIRECT_OBJC_ISA_USAGE = YES_ERROR;
				CLANG_WARN_DOCUMENTATION_COMMENTS = YES;
				CLANG_WARN_EMPTY_BODY = YES;
				CLANG_WARN_ENUM_CONVERSION = YES;
				CLANG_WARN_INFINITE_RECURSION = YES;
				CLANG_WARN_INT_CONVERSION = YES;
				CLANG_WARN_NON_LITERAL_NULL_CONVERSION = YES;
				CLANG_WARN_OBJC_IMPLICIT_RETAIN_SELF = YES;
				CLANG_WARN_OBJC_LITERAL_CONVERSION = YES;
				CLANG_WARN_OBJC_ROOT_CLASS = YES_ERROR;
				CLANG_WARN_QUOTED_INCLUDE_IN_FRAMEWORK_HEADER = YES;
				CLANG_WARN_RANGE_LOOP_ANALYSIS = YES;
				CLANG_WARN_STRICT_PROTOTYPES = YES;
				CLANG_WARN_SUSPICIOUS_MOVE = YES;
				CLANG_WARN_UNGUARDED_AVAILABILITY = YES_AGGRESSIVE;
				CLANG_WARN_UNREACHABLE_CODE = YES;
				CLANG_WARN__DUPLICATE_METHOD_MATCH = YES;
				COPY_PHASE_STRIP = NO;
				DEBUG_INFORMATION_FORMAT = "dwarf-with-dsym";
				ENABLE_NS_ASSERTIONS = NO;
				ENABLE_STRICT_OBJC_MSGSEND = YES;
				GCC_C_LANGUAGE_STANDARD = gnu11;
				GCC_NO_COMMON_BLOCKS = YES;
				GCC_WARN_64_TO_32_BIT_CONVERSION = YES;
				GCC_WARN_ABOUT_RETURN_TYPE = YES_ERROR;
				GCC_WARN_UNDECLARED_SELECTOR = YES;
				GCC_WARN_UNINITIALIZED_AUTOS = YES_AGGRESSIVE;
				GCC_WARN_UNUSED_FUNCTION = YES;
				GCC_WARN_UNUSED_VARIABLE = YES;
				IPHONEOS_DEPLOYMENT_TARGET = 16.4;
				MTL_ENABLE_DEBUG_INFO = NO;
				MTL_FAST_MATH = YES;
				SDKROOT = iphoneos;
				SWIFT_COMPILATION_MODE = wholemodule;
				SWIFT_OPTIMIZATION_LEVEL = "-O";
				VALIDATE_PRODUCT = YES;
			};
			name = Release;
		};
		186599642B166B2300EBC40B /* Debug */ = {
			isa = XCBuildConfiguration;
			buildSettings = {
				ASSETCATALOG_COMPILER_APPICON_NAME = AppIcon;
				ASSETCATALOG_COMPILER_GLOBAL_ACCENT_COLOR_NAME = AccentColor;
				CODE_SIGN_STYLE = Automatic;
				CURRENT_PROJECT_VERSION = 1;
				DEVELOPMENT_ASSET_PATHS = "\"CryptoWallet/Preview Content\"";
				DEVELOPMENT_TEAM = 9872Q3S934;
				ENABLE_PREVIEWS = YES;
				GENERATE_INFOPLIST_FILE = YES;
				INFOPLIST_KEY_CFBundleDisplayName = "Crypto Wallet";
				INFOPLIST_KEY_UIApplicationSceneManifest_Generation = YES;
				INFOPLIST_KEY_UIApplicationSupportsIndirectInputEvents = YES;
				INFOPLIST_KEY_UILaunchScreen_Generation = YES;
				INFOPLIST_KEY_UISupportedInterfaceOrientations = UIInterfaceOrientationPortrait;
				INFOPLIST_KEY_UISupportedInterfaceOrientations_iPad = "UIInterfaceOrientationLandscapeLeft UIInterfaceOrientationLandscapeRight UIInterfaceOrientationPortrait UIInterfaceOrientationPortraitUpsideDown";
				LD_RUNPATH_SEARCH_PATHS = (
					"$(inherited)",
					"@executable_path/Frameworks",
				);
				MARKETING_VERSION = 1.0;
				PRODUCT_BUNDLE_IDENTIFIER = com.codewithsaqib.CrytoWallet;
				PRODUCT_NAME = "$(TARGET_NAME)";
				SUPPORTED_PLATFORMS = "iphoneos iphonesimulator";
				SUPPORTS_MACCATALYST = NO;
				SUPPORTS_MAC_DESIGNED_FOR_IPHONE_IPAD = NO;
				SWIFT_EMIT_LOC_STRINGS = YES;
				SWIFT_VERSION = 5.0;
				TARGETED_DEVICE_FAMILY = "1,2";
			};
			name = Debug;
		};
		186599652B166B2300EBC40B /* Release */ = {
			isa = XCBuildConfiguration;
			buildSettings = {
				ASSETCATALOG_COMPILER_APPICON_NAME = AppIcon;
				ASSETCATALOG_COMPILER_GLOBAL_ACCENT_COLOR_NAME = AccentColor;
				CODE_SIGN_STYLE = Automatic;
				CURRENT_PROJECT_VERSION = 1;
				DEVELOPMENT_ASSET_PATHS = "\"CryptoWallet/Preview Content\"";
				DEVELOPMENT_TEAM = 9872Q3S934;
				ENABLE_PREVIEWS = YES;
				GENERATE_INFOPLIST_FILE = YES;
				INFOPLIST_KEY_CFBundleDisplayName = "Crypto Wallet";
				INFOPLIST_KEY_UIApplicationSceneManifest_Generation = YES;
				INFOPLIST_KEY_UIApplicationSupportsIndirectInputEvents = YES;
				INFOPLIST_KEY_UILaunchScreen_Generation = YES;
				INFOPLIST_KEY_UISupportedInterfaceOrientations = UIInterfaceOrientationPortrait;
				INFOPLIST_KEY_UISupportedInterfaceOrientations_iPad = "UIInterfaceOrientationLandscapeLeft UIInterfaceOrientationLandscapeRight UIInterfaceOrientationPortrait UIInterfaceOrientationPortraitUpsideDown";
				LD_RUNPATH_SEARCH_PATHS = (
					"$(inherited)",
					"@executable_path/Frameworks",
				);
				MARKETING_VERSION = 1.0;
				PRODUCT_BUNDLE_IDENTIFIER = com.codewithsaqib.CrytoWallet;
				PRODUCT_NAME = "$(TARGET_NAME)";
				SUPPORTED_PLATFORMS = "iphoneos iphonesimulator";
				SUPPORTS_MACCATALYST = NO;
				SUPPORTS_MAC_DESIGNED_FOR_IPHONE_IPAD = NO;
				SWIFT_EMIT_LOC_STRINGS = YES;
				SWIFT_VERSION = 5.0;
				TARGETED_DEVICE_FAMILY = "1,2";
			};
			name = Release;
		};
/* End XCBuildConfiguration section */

/* Begin XCConfigurationList section */
		186599502B166B2000EBC40B /* Build configuration list for PBXProject "CryptoWallet" */ = {
			isa = XCConfigurationList;
			buildConfigurations = (
				186599612B166B2300EBC40B /* Debug */,
				186599622B166B2300EBC40B /* Release */,
			);
			defaultConfigurationIsVisible = 0;
			defaultConfigurationName = Release;
		};
		186599632B166B2300EBC40B /* Build configuration list for PBXNativeTarget "CryptoWallet" */ = {
			isa = XCConfigurationList;
			buildConfigurations = (
				186599642B166B2300EBC40B /* Debug */,
				186599652B166B2300EBC40B /* Release */,
			);
			defaultConfigurationIsVisible = 0;
			defaultConfigurationName = Release;
		};
/* End XCConfigurationList section */
	};
	rootObject = 1865994D2B166B2000EBC40B /* Project object */;
}
